
Microsoft Visual Studio Solution File, Format Version 12.00
# Visual Studio Version 16
VisualStudioVersion = 16.0.31112.23
MinimumVisualStudioVersion = 10.0.40219.1
Project("{FAE04EC0-301F-11D3-BF4B-00C04F79EFBC}") = "kaloriJouleMuunnin", "kaloriJouleMuunnin\kaloriJouleMuunnin.csproj", "{4BDDA6EF-685D-4C52-8C88-9EAAC3C17457}"
EndProject
Global
	GlobalSection(SolutionConfigurationPlatforms) = preSolution
		Debug|Any CPU = Debug|Any CPU
		Release|Any CPU = Release|Any CPU
	EndGlobalSection
	GlobalSection(ProjectConfigurationPlatforms) = postSolution
		{4BDDA6EF-685D-4C52-8C88-9EAAC3C17457}.Debug|Any CPU.ActiveCfg = Debug|Any CPU
		{4BDDA6EF-685D-4C52-8C88-9EAAC3C17457}.Debug|Any CPU.Build.0 = Debug|Any CPU
		{4BDDA6EF-685D-4C52-8C88-9EAAC3C17457}.Release|Any CPU.ActiveCfg = Release|Any CPU
		{4BDDA6EF-685D-4C52-8C88-9EAAC3C17457}.Release|Any CPU.Build.0 = Release|Any CPU
	EndGlobalSection
	GlobalSection(SolutionProperties) = preSolution
		HideSolutionNode = FALSE
	EndGlobalSection
	GlobalSection(ExtensibilityGlobals) = postSolution
		SolutionGuid = {FE16A8A8-FD47-42CB-B641-282D90345696}
	EndGlobalSection
EndGlobal
