
Microsoft Visual Studio Solution File, Format Version 12.00
# Visual Studio Version 16
VisualStudioVersion = 16.0.33423.256
MinimumVisualStudioVersion = 10.0.40219.1
Project("{FAE04EC0-301F-11D3-BF4B-00C04F79EFBC}") = "lampoMetodit", "lampoMetodit\lampoMetodit.csproj", "{3CAB970C-5AB9-46E9-9A3B-78C73A08DA19}"
EndProject
Global
	GlobalSection(SolutionConfigurationPlatforms) = preSolution
		Debug|Any CPU = Debug|Any CPU
		Release|Any CPU = Release|Any CPU
	EndGlobalSection
	GlobalSection(ProjectConfigurationPlatforms) = postSolution
		{3CAB970C-5AB9-46E9-9A3B-78C73A08DA19}.Debug|Any CPU.ActiveCfg = Debug|Any CPU
		{3CAB970C-5AB9-46E9-9A3B-78C73A08DA19}.Debug|Any CPU.Build.0 = Debug|Any CPU
		{3CAB970C-5AB9-46E9-9A3B-78C73A08DA19}.Release|Any CPU.ActiveCfg = Release|Any CPU
		{3CAB970C-5AB9-46E9-9A3B-78C73A08DA19}.Release|Any CPU.Build.0 = Release|Any CPU
	EndGlobalSection
	GlobalSection(SolutionProperties) = preSolution
		HideSolutionNode = FALSE
	EndGlobalSection
	GlobalSection(ExtensibilityGlobals) = postSolution
		SolutionGuid = {75882173-AE9B-44F9-A583-38DF090741F0}
	EndGlobalSection
EndGlobal
