
Microsoft Visual Studio Solution File, Format Version 12.00
# Visual Studio Version 16
VisualStudioVersion = 16.0.31112.23
MinimumVisualStudioVersion = 10.0.40219.1
Project("{FAE04EC0-301F-11D3-BF4B-00C04F79EFBC}") = "luokatFunktiot", "luokatFunktiot\luokatFunktiot.csproj", "{10BBCE91-E914-455B-9E8E-FE22C8434AA3}"
EndProject
Global
	GlobalSection(SolutionConfigurationPlatforms) = preSolution
		Debug|Any CPU = Debug|Any CPU
		Release|Any CPU = Release|Any CPU
	EndGlobalSection
	GlobalSection(ProjectConfigurationPlatforms) = postSolution
		{10BBCE91-E914-455B-9E8E-FE22C8434AA3}.Debug|Any CPU.ActiveCfg = Debug|Any CPU
		{10BBCE91-E914-455B-9E8E-FE22C8434AA3}.Debug|Any CPU.Build.0 = Debug|Any CPU
		{10BBCE91-E914-455B-9E8E-FE22C8434AA3}.Release|Any CPU.ActiveCfg = Release|Any CPU
		{10BBCE91-E914-455B-9E8E-FE22C8434AA3}.Release|Any CPU.Build.0 = Release|Any CPU
	EndGlobalSection
	GlobalSection(SolutionProperties) = preSolution
		HideSolutionNode = FALSE
	EndGlobalSection
	GlobalSection(ExtensibilityGlobals) = postSolution
		SolutionGuid = {75BAD2D3-18DE-47F9-9A26-CD946B40EA9C}
	EndGlobalSection
EndGlobal
