
Microsoft Visual Studio Solution File, Format Version 12.00
# Visual Studio Version 16
VisualStudioVersion = 16.0.31112.23
MinimumVisualStudioVersion = 10.0.40219.1
Project("{FAE04EC0-301F-11D3-BF4B-00C04F79EFBC}") = "funktioHarjoitus", "funktioHarjoitus\funktioHarjoitus.csproj", "{EF55AF3B-5C1D-4AF1-9C8E-A8B5C1E1F68C}"
EndProject
Global
	GlobalSection(SolutionConfigurationPlatforms) = preSolution
		Debug|Any CPU = Debug|Any CPU
		Release|Any CPU = Release|Any CPU
	EndGlobalSection
	GlobalSection(ProjectConfigurationPlatforms) = postSolution
		{EF55AF3B-5C1D-4AF1-9C8E-A8B5C1E1F68C}.Debug|Any CPU.ActiveCfg = Debug|Any CPU
		{EF55AF3B-5C1D-4AF1-9C8E-A8B5C1E1F68C}.Debug|Any CPU.Build.0 = Debug|Any CPU
		{EF55AF3B-5C1D-4AF1-9C8E-A8B5C1E1F68C}.Release|Any CPU.ActiveCfg = Release|Any CPU
		{EF55AF3B-5C1D-4AF1-9C8E-A8B5C1E1F68C}.Release|Any CPU.Build.0 = Release|Any CPU
	EndGlobalSection
	GlobalSection(SolutionProperties) = preSolution
		HideSolutionNode = FALSE
	EndGlobalSection
	GlobalSection(ExtensibilityGlobals) = postSolution
		SolutionGuid = {C2D9BC61-C7C5-4878-AC81-F93040E57BBF}
	EndGlobalSection
EndGlobal
