
Microsoft Visual Studio Solution File, Format Version 12.00
# Visual Studio Version 16
VisualStudioVersion = 16.0.33423.256
MinimumVisualStudioVersion = 10.0.40219.1
Project("{FAE04EC0-301F-11D3-BF4B-00C04F79EFBC}") = "pitsanTilaus", "pitsanTilaus\pitsanTilaus.csproj", "{391F2605-94C2-4E01-8992-1946B03B59BC}"
EndProject
Global
	GlobalSection(SolutionConfigurationPlatforms) = preSolution
		Debug|Any CPU = Debug|Any CPU
		Release|Any CPU = Release|Any CPU
	EndGlobalSection
	GlobalSection(ProjectConfigurationPlatforms) = postSolution
		{391F2605-94C2-4E01-8992-1946B03B59BC}.Debug|Any CPU.ActiveCfg = Debug|Any CPU
		{391F2605-94C2-4E01-8992-1946B03B59BC}.Debug|Any CPU.Build.0 = Debug|Any CPU
		{391F2605-94C2-4E01-8992-1946B03B59BC}.Release|Any CPU.ActiveCfg = Release|Any CPU
		{391F2605-94C2-4E01-8992-1946B03B59BC}.Release|Any CPU.Build.0 = Release|Any CPU
	EndGlobalSection
	GlobalSection(SolutionProperties) = preSolution
		HideSolutionNode = FALSE
	EndGlobalSection
	GlobalSection(ExtensibilityGlobals) = postSolution
		SolutionGuid = {4728B729-B3CF-47EA-A154-5EE530ECF808}
	EndGlobalSection
EndGlobal
