
Microsoft Visual Studio Solution File, Format Version 12.00
# Visual Studio Version 16
VisualStudioVersion = 16.0.31112.23
MinimumVisualStudioVersion = 10.0.40219.1
Project("{FAE04EC0-301F-11D3-BF4B-00C04F79EFBC}") = "kaikenKertaus", "kaikenKertaus\kaikenKertaus.csproj", "{C516B4FF-1D13-468B-9674-F34E41131434}"
EndProject
Global
	GlobalSection(SolutionConfigurationPlatforms) = preSolution
		Debug|Any CPU = Debug|Any CPU
		Release|Any CPU = Release|Any CPU
	EndGlobalSection
	GlobalSection(ProjectConfigurationPlatforms) = postSolution
		{C516B4FF-1D13-468B-9674-F34E41131434}.Debug|Any CPU.ActiveCfg = Debug|Any CPU
		{C516B4FF-1D13-468B-9674-F34E41131434}.Debug|Any CPU.Build.0 = Debug|Any CPU
		{C516B4FF-1D13-468B-9674-F34E41131434}.Release|Any CPU.ActiveCfg = Release|Any CPU
		{C516B4FF-1D13-468B-9674-F34E41131434}.Release|Any CPU.Build.0 = Release|Any CPU
	EndGlobalSection
	GlobalSection(SolutionProperties) = preSolution
		HideSolutionNode = FALSE
	EndGlobalSection
	GlobalSection(ExtensibilityGlobals) = postSolution
		SolutionGuid = {2A66EECE-0683-4BEB-9367-77B900658286}
	EndGlobalSection
EndGlobal
