
Microsoft Visual Studio Solution File, Format Version 12.00
# Visual Studio Version 16
VisualStudioVersion = 16.0.33423.256
MinimumVisualStudioVersion = 10.0.40219.1
Project("{FAE04EC0-301F-11D3-BF4B-00C04F79EFBC}") = "lampoTaulukko", "lampoTaulukko\lampoTaulukko.csproj", "{AA7D62D2-D028-4319-BCF4-18190D25506F}"
EndProject
Global
	GlobalSection(SolutionConfigurationPlatforms) = preSolution
		Debug|Any CPU = Debug|Any CPU
		Release|Any CPU = Release|Any CPU
	EndGlobalSection
	GlobalSection(ProjectConfigurationPlatforms) = postSolution
		{AA7D62D2-D028-4319-BCF4-18190D25506F}.Debug|Any CPU.ActiveCfg = Debug|Any CPU
		{AA7D62D2-D028-4319-BCF4-18190D25506F}.Debug|Any CPU.Build.0 = Debug|Any CPU
		{AA7D62D2-D028-4319-BCF4-18190D25506F}.Release|Any CPU.ActiveCfg = Release|Any CPU
		{AA7D62D2-D028-4319-BCF4-18190D25506F}.Release|Any CPU.Build.0 = Release|Any CPU
	EndGlobalSection
	GlobalSection(SolutionProperties) = preSolution
		HideSolutionNode = FALSE
	EndGlobalSection
	GlobalSection(ExtensibilityGlobals) = postSolution
		SolutionGuid = {C9A331B8-709F-46FE-81AD-CA2F9A05B8AF}
	EndGlobalSection
EndGlobal
