
Microsoft Visual Studio Solution File, Format Version 12.00
# Visual Studio Version 16
VisualStudioVersion = 16.0.33423.256
MinimumVisualStudioVersion = 10.0.40219.1
Project("{FAE04EC0-301F-11D3-BF4B-00C04F79EFBC}") = "youtubeTutorial4", "youtubeTutorial4\youtubeTutorial4.csproj", "{6CD5636C-270C-4FDD-B342-F265DB18171B}"
EndProject
Global
	GlobalSection(SolutionConfigurationPlatforms) = preSolution
		Debug|Any CPU = Debug|Any CPU
		Release|Any CPU = Release|Any CPU
	EndGlobalSection
	GlobalSection(ProjectConfigurationPlatforms) = postSolution
		{6CD5636C-270C-4FDD-B342-F265DB18171B}.Debug|Any CPU.ActiveCfg = Debug|Any CPU
		{6CD5636C-270C-4FDD-B342-F265DB18171B}.Debug|Any CPU.Build.0 = Debug|Any CPU
		{6CD5636C-270C-4FDD-B342-F265DB18171B}.Release|Any CPU.ActiveCfg = Release|Any CPU
		{6CD5636C-270C-4FDD-B342-F265DB18171B}.Release|Any CPU.Build.0 = Release|Any CPU
	EndGlobalSection
	GlobalSection(SolutionProperties) = preSolution
		HideSolutionNode = FALSE
	EndGlobalSection
	GlobalSection(ExtensibilityGlobals) = postSolution
		SolutionGuid = {BAF1EAED-5E5F-4CCD-AECA-4D3AD3967805}
	EndGlobalSection
EndGlobal
