
Microsoft Visual Studio Solution File, Format Version 12.00
# Visual Studio Version 16
VisualStudioVersion = 16.0.31112.23
MinimumVisualStudioVersion = 10.0.40219.1
Project("{FAE04EC0-301F-11D3-BF4B-00C04F79EFBC}") = "kolmio", "kolmio\kolmio.csproj", "{D6F6042A-5FA6-4FE1-8EDF-9CB74C009DFC}"
EndProject
Global
	GlobalSection(SolutionConfigurationPlatforms) = preSolution
		Debug|Any CPU = Debug|Any CPU
		Release|Any CPU = Release|Any CPU
	EndGlobalSection
	GlobalSection(ProjectConfigurationPlatforms) = postSolution
		{D6F6042A-5FA6-4FE1-8EDF-9CB74C009DFC}.Debug|Any CPU.ActiveCfg = Debug|Any CPU
		{D6F6042A-5FA6-4FE1-8EDF-9CB74C009DFC}.Debug|Any CPU.Build.0 = Debug|Any CPU
		{D6F6042A-5FA6-4FE1-8EDF-9CB74C009DFC}.Release|Any CPU.ActiveCfg = Release|Any CPU
		{D6F6042A-5FA6-4FE1-8EDF-9CB74C009DFC}.Release|Any CPU.Build.0 = Release|Any CPU
	EndGlobalSection
	GlobalSection(SolutionProperties) = preSolution
		HideSolutionNode = FALSE
	EndGlobalSection
	GlobalSection(ExtensibilityGlobals) = postSolution
		SolutionGuid = {0C62F76C-B70F-4431-A35F-16FF6DAD67C5}
	EndGlobalSection
EndGlobal
