
Microsoft Visual Studio Solution File, Format Version 12.00
# Visual Studio Version 16
VisualStudioVersion = 16.0.31112.23
MinimumVisualStudioVersion = 10.0.40219.1
Project("{FAE04EC0-301F-11D3-BF4B-00C04F79EFBC}") = "korttiPeli", "korttiPeli\korttiPeli.csproj", "{3C26C370-7E54-4C49-8F13-908ECC90C783}"
EndProject
Global
	GlobalSection(SolutionConfigurationPlatforms) = preSolution
		Debug|Any CPU = Debug|Any CPU
		Release|Any CPU = Release|Any CPU
	EndGlobalSection
	GlobalSection(ProjectConfigurationPlatforms) = postSolution
		{3C26C370-7E54-4C49-8F13-908ECC90C783}.Debug|Any CPU.ActiveCfg = Debug|Any CPU
		{3C26C370-7E54-4C49-8F13-908ECC90C783}.Debug|Any CPU.Build.0 = Debug|Any CPU
		{3C26C370-7E54-4C49-8F13-908ECC90C783}.Release|Any CPU.ActiveCfg = Release|Any CPU
		{3C26C370-7E54-4C49-8F13-908ECC90C783}.Release|Any CPU.Build.0 = Release|Any CPU
	EndGlobalSection
	GlobalSection(SolutionProperties) = preSolution
		HideSolutionNode = FALSE
	EndGlobalSection
	GlobalSection(ExtensibilityGlobals) = postSolution
		SolutionGuid = {4946F0B8-897B-42EF-93F5-1C144BA219BD}
	EndGlobalSection
EndGlobal
