
Microsoft Visual Studio Solution File, Format Version 12.00
# Visual Studio Version 16
VisualStudioVersion = 16.0.33423.256
MinimumVisualStudioVersion = 10.0.40219.1
Project("{FAE04EC0-301F-11D3-BF4B-00C04F79EFBC}") = "parillisuus", "parillisuus\parillisuus.csproj", "{C2876081-5816-4023-9CC1-3AB63909B315}"
EndProject
Global
	GlobalSection(SolutionConfigurationPlatforms) = preSolution
		Debug|Any CPU = Debug|Any CPU
		Release|Any CPU = Release|Any CPU
	EndGlobalSection
	GlobalSection(ProjectConfigurationPlatforms) = postSolution
		{C2876081-5816-4023-9CC1-3AB63909B315}.Debug|Any CPU.ActiveCfg = Debug|Any CPU
		{C2876081-5816-4023-9CC1-3AB63909B315}.Debug|Any CPU.Build.0 = Debug|Any CPU
		{C2876081-5816-4023-9CC1-3AB63909B315}.Release|Any CPU.ActiveCfg = Release|Any CPU
		{C2876081-5816-4023-9CC1-3AB63909B315}.Release|Any CPU.Build.0 = Release|Any CPU
	EndGlobalSection
	GlobalSection(SolutionProperties) = preSolution
		HideSolutionNode = FALSE
	EndGlobalSection
	GlobalSection(ExtensibilityGlobals) = postSolution
		SolutionGuid = {AE379FA5-E1B4-4582-9164-81EE4333933E}
	EndGlobalSection
EndGlobal
