
Microsoft Visual Studio Solution File, Format Version 12.00
# Visual Studio Version 16
VisualStudioVersion = 16.0.33423.256
MinimumVisualStudioVersion = 10.0.40219.1
Project("{FAE04EC0-301F-11D3-BF4B-00C04F79EFBC}") = "vokaaliTaulukko", "vokaaliTaulukko\vokaaliTaulukko.csproj", "{B57EF851-F7B6-4648-8DA8-CD57C0D62AE2}"
EndProject
Global
	GlobalSection(SolutionConfigurationPlatforms) = preSolution
		Debug|Any CPU = Debug|Any CPU
		Release|Any CPU = Release|Any CPU
	EndGlobalSection
	GlobalSection(ProjectConfigurationPlatforms) = postSolution
		{B57EF851-F7B6-4648-8DA8-CD57C0D62AE2}.Debug|Any CPU.ActiveCfg = Debug|Any CPU
		{B57EF851-F7B6-4648-8DA8-CD57C0D62AE2}.Debug|Any CPU.Build.0 = Debug|Any CPU
		{B57EF851-F7B6-4648-8DA8-CD57C0D62AE2}.Release|Any CPU.ActiveCfg = Release|Any CPU
		{B57EF851-F7B6-4648-8DA8-CD57C0D62AE2}.Release|Any CPU.Build.0 = Release|Any CPU
	EndGlobalSection
	GlobalSection(SolutionProperties) = preSolution
		HideSolutionNode = FALSE
	EndGlobalSection
	GlobalSection(ExtensibilityGlobals) = postSolution
		SolutionGuid = {4F936F9C-36DE-46D7-9709-55F4721F0B3D}
	EndGlobalSection
EndGlobal
